{
  "version": 4,
  "terraform_version": "1.9.8",
  "serial": 72,
  "lineage": "6ce7d89b-089e-ffd7-06e5-f3f089241587",
  "outputs": {
    "idsubs": {
      "value": [
        "Public_a",
        "Public_b",
        "Private_a",
        "Private_b"
      ],
      "type": [
        "tuple",
        [
          "string",
          "string",
          "string",
          "string"
        ]
      ]
    },
    "igw_id": {
      "value": "igw-0a0cde21c16cf5987",
      "type": "string"
    },
    "route_table_associations_ids": {
      "value": [
        "rtbassoc-0053f5c1accdd8a06",
        "rtbassoc-02074a6ce27556768",
        "rtbassoc-0308059566af7798b",
        "rtbassoc-0239004f6550fd659"
      ],
      "type": [
        "tuple",
        [
          "string",
          "string",
          "string",
          "string"
        ]
      ]
    },
    "route_table_private": {
      "value": "rtb-084a9c3489ddcd3d5",
      "type": "string"
    },
    "route_table_public": {
      "value": "rtb-076be1053048ddd8d",
      "type": "string"
    },
    "subnets": {
      "value": {
        "Private_a": "subnet-0f116fcbc8a524b63",
        "Private_b": "subnet-0e9b51be5f30f3302",
        "Public_a": "subnet-04b030ff0ea8d4b42",
        "Public_b": "subnet-0ff51746c4d884446"
      },
      "type": [
        "object",
        {
          "Private_a": "string",
          "Private_b": "string",
          "Public_a": "string",
          "Public_b": "string"
        }
      ]
    },
    "vpc_id": {
      "value": "vpc-08cfd5a435f345cfd",
      "type": "string"
    }
  },
  "resources": [
    {
      "mode": "managed",
      "type": "aws_internet_gateway",
      "name": "this",
      "provider": "provider[\"registry.terraform.io/hashicorp/aws\"]",
      "instances": [
        {
          "schema_version": 0,
          "attributes": {
            "arn": "arn:aws:ec2:us-east-1:992382627001:internet-gateway/igw-0a0cde21c16cf5987",
            "id": "igw-0a0cde21c16cf5987",
            "owner_id": "992382627001",
            "tags": {
              "CreatedAt": "2024-10-20",
              "ManagedBy": "Terraform",
              "Name": "Terraform GATWAY",
              "Owner": "Pedro Ribeiro",
              "Project": "infra eks terraform",
              "Service": "Auto Scaling App"
            },
            "tags_all": {
              "CreatedAt": "2024-10-20",
              "ManagedBy": "Terraform",
              "Name": "Terraform GATWAY",
              "Owner": "Pedro Ribeiro",
              "Project": "infra eks terraform",
              "Service": "Auto Scaling App"
            },
            "timeouts": null,
            "vpc_id": "vpc-08cfd5a435f345cfd"
          },
          "sensitive_attributes": [],
          "private": "eyJlMmJmYjczMC1lY2FhLTExZTYtOGY4OC0zNDM2M2JjN2M0YzAiOnsiY3JlYXRlIjoxMjAwMDAwMDAwMDAwLCJkZWxldGUiOjEyMDAwMDAwMDAwMDAsInVwZGF0ZSI6MTIwMDAwMDAwMDAwMH19",
          "dependencies": [
            "aws_vpc.this"
          ]
        }
      ]
    },
    {
      "mode": "managed",
      "type": "aws_route_table",
      "name": "private",
      "provider": "provider[\"registry.terraform.io/hashicorp/aws\"]",
      "instances": [
        {
          "schema_version": 0,
          "attributes": {
            "arn": "arn:aws:ec2:us-east-1:992382627001:route-table/rtb-084a9c3489ddcd3d5",
            "id": "rtb-084a9c3489ddcd3d5",
            "owner_id": "992382627001",
            "propagating_vgws": [],
            "route": [],
            "tags": {
              "CreatedAt": "2024-10-20",
              "ManagedBy": "Terraform",
              "Name": "Terraform ROUTE_TABLE_PRIVATE",
              "Owner": "Pedro Ribeiro",
              "Project": "infra eks terraform",
              "Service": "Auto Scaling App"
            },
            "tags_all": {
              "CreatedAt": "2024-10-20",
              "ManagedBy": "Terraform",
              "Name": "Terraform ROUTE_TABLE_PRIVATE",
              "Owner": "Pedro Ribeiro",
              "Project": "infra eks terraform",
              "Service": "Auto Scaling App"
            },
            "timeouts": null,
            "vpc_id": "vpc-08cfd5a435f345cfd"
          },
          "sensitive_attributes": [],
          "private": "eyJlMmJmYjczMC1lY2FhLTExZTYtOGY4OC0zNDM2M2JjN2M0YzAiOnsiY3JlYXRlIjozMDAwMDAwMDAwMDAsImRlbGV0ZSI6MzAwMDAwMDAwMDAwLCJ1cGRhdGUiOjEyMDAwMDAwMDAwMH19",
          "dependencies": [
            "aws_vpc.this"
          ]
        }
      ]
    },
    {
      "mode": "managed",
      "type": "aws_route_table",
      "name": "public",
      "provider": "provider[\"registry.terraform.io/hashicorp/aws\"]",
      "instances": [
        {
          "schema_version": 0,
          "attributes": {
            "arn": "arn:aws:ec2:us-east-1:992382627001:route-table/rtb-076be1053048ddd8d",
            "id": "rtb-076be1053048ddd8d",
            "owner_id": "992382627001",
            "propagating_vgws": [],
            "route": [
              {
                "carrier_gateway_id": "",
                "cidr_block": "0.0.0.0/0",
                "core_network_arn": "",
                "destination_prefix_list_id": "",
                "egress_only_gateway_id": "",
                "gateway_id": "igw-0a0cde21c16cf5987",
                "ipv6_cidr_block": "",
                "local_gateway_id": "",
                "nat_gateway_id": "",
                "network_interface_id": "",
                "transit_gateway_id": "",
                "vpc_endpoint_id": "",
                "vpc_peering_connection_id": ""
              }
            ],
            "tags": {
              "CreatedAt": "2024-10-20",
              "ManagedBy": "Terraform",
              "Name": "Terraform ROUTE_TABLE_PUBLIC",
              "Owner": "Pedro Ribeiro",
              "Project": "infra eks terraform",
              "Service": "Auto Scaling App"
            },
            "tags_all": {
              "CreatedAt": "2024-10-20",
              "ManagedBy": "Terraform",
              "Name": "Terraform ROUTE_TABLE_PUBLIC",
              "Owner": "Pedro Ribeiro",
              "Project": "infra eks terraform",
              "Service": "Auto Scaling App"
            },
            "timeouts": null,
            "vpc_id": "vpc-08cfd5a435f345cfd"
          },
          "sensitive_attributes": [],
          "private": "eyJlMmJmYjczMC1lY2FhLTExZTYtOGY4OC0zNDM2M2JjN2M0YzAiOnsiY3JlYXRlIjozMDAwMDAwMDAwMDAsImRlbGV0ZSI6MzAwMDAwMDAwMDAwLCJ1cGRhdGUiOjEyMDAwMDAwMDAwMH19",
          "dependencies": [
            "aws_internet_gateway.this",
            "aws_vpc.this"
          ]
        }
      ]
    },
    {
      "mode": "managed",
      "type": "aws_route_table_association",
      "name": "this",
      "provider": "provider[\"registry.terraform.io/hashicorp/aws\"]",
      "instances": [
        {
          "index_key": "Private_a",
          "schema_version": 0,
          "attributes": {
            "gateway_id": "",
            "id": "rtbassoc-0053f5c1accdd8a06",
            "route_table_id": "rtb-084a9c3489ddcd3d5",
            "subnet_id": "subnet-0f116fcbc8a524b63",
            "timeouts": null
          },
          "sensitive_attributes": [],
          "private": "eyJlMmJmYjczMC1lY2FhLTExZTYtOGY4OC0zNDM2M2JjN2M0YzAiOnsiY3JlYXRlIjozMDAwMDAwMDAwMDAsImRlbGV0ZSI6MzAwMDAwMDAwMDAwLCJ1cGRhdGUiOjEyMDAwMDAwMDAwMH19",
          "dependencies": [
            "aws_internet_gateway.this",
            "aws_route_table.private",
            "aws_route_table.public",
            "aws_subnet.this",
            "aws_vpc.this"
          ]
        },
        {
          "index_key": "Private_b",
          "schema_version": 0,
          "attributes": {
            "gateway_id": "",
            "id": "rtbassoc-02074a6ce27556768",
            "route_table_id": "rtb-084a9c3489ddcd3d5",
            "subnet_id": "subnet-0e9b51be5f30f3302",
            "timeouts": null
          },
          "sensitive_attributes": [],
          "private": "eyJlMmJmYjczMC1lY2FhLTExZTYtOGY4OC0zNDM2M2JjN2M0YzAiOnsiY3JlYXRlIjozMDAwMDAwMDAwMDAsImRlbGV0ZSI6MzAwMDAwMDAwMDAwLCJ1cGRhdGUiOjEyMDAwMDAwMDAwMH19",
          "dependencies": [
            "aws_internet_gateway.this",
            "aws_route_table.private",
            "aws_route_table.public",
            "aws_subnet.this",
            "aws_vpc.this"
          ]
        },
        {
          "index_key": "Public_a",
          "schema_version": 0,
          "attributes": {
            "gateway_id": "",
            "id": "rtbassoc-0308059566af7798b",
            "route_table_id": "rtb-076be1053048ddd8d",
            "subnet_id": "subnet-04b030ff0ea8d4b42",
            "timeouts": null
          },
          "sensitive_attributes": [],
          "private": "eyJlMmJmYjczMC1lY2FhLTExZTYtOGY4OC0zNDM2M2JjN2M0YzAiOnsiY3JlYXRlIjozMDAwMDAwMDAwMDAsImRlbGV0ZSI6MzAwMDAwMDAwMDAwLCJ1cGRhdGUiOjEyMDAwMDAwMDAwMH19",
          "dependencies": [
            "aws_internet_gateway.this",
            "aws_route_table.private",
            "aws_route_table.public",
            "aws_subnet.this",
            "aws_vpc.this"
          ]
        },
        {
          "index_key": "Public_b",
          "schema_version": 0,
          "attributes": {
            "gateway_id": "",
            "id": "rtbassoc-0239004f6550fd659",
            "route_table_id": "rtb-076be1053048ddd8d",
            "subnet_id": "subnet-0ff51746c4d884446",
            "timeouts": null
          },
          "sensitive_attributes": [],
          "private": "eyJlMmJmYjczMC1lY2FhLTExZTYtOGY4OC0zNDM2M2JjN2M0YzAiOnsiY3JlYXRlIjozMDAwMDAwMDAwMDAsImRlbGV0ZSI6MzAwMDAwMDAwMDAwLCJ1cGRhdGUiOjEyMDAwMDAwMDAwMH19",
          "dependencies": [
            "aws_internet_gateway.this",
            "aws_route_table.private",
            "aws_route_table.public",
            "aws_subnet.this",
            "aws_vpc.this"
          ]
        }
      ]
    },
    {
      "mode": "managed",
      "type": "aws_subnet",
      "name": "this",
      "provider": "provider[\"registry.terraform.io/hashicorp/aws\"]",
      "instances": [
        {
          "index_key": "pub_a",
          "schema_version": 1,
          "attributes": {
            "arn": "arn:aws:ec2:us-east-1:992382627001:subnet/subnet-04b030ff0ea8d4b42",
            "assign_ipv6_address_on_creation": false,
            "availability_zone": "us-east-1a",
            "availability_zone_id": "use1-az4",
            "cidr_block": "192.168.1.0/24",
            "customer_owned_ipv4_pool": "",
            "enable_dns64": false,
            "enable_lni_at_device_index": 0,
            "enable_resource_name_dns_a_record_on_launch": false,
            "enable_resource_name_dns_aaaa_record_on_launch": false,
            "id": "subnet-04b030ff0ea8d4b42",
            "ipv6_cidr_block": "",
            "ipv6_cidr_block_association_id": "",
            "ipv6_native": false,
            "map_customer_owned_ip_on_launch": false,
            "map_public_ip_on_launch": false,
            "outpost_arn": "",
            "owner_id": "992382627001",
            "private_dns_hostname_type_on_launch": "ip-name",
            "tags": {
              "CreatedAt": "2024-10-20",
              "ManagedBy": "Terraform",
              "Name": "Public_a",
              "Owner": "Pedro Ribeiro",
              "Project": "infra eks terraform",
              "Service": "Auto Scaling App"
            },
            "tags_all": {
              "CreatedAt": "2024-10-20",
              "ManagedBy": "Terraform",
              "Name": "Public_a",
              "Owner": "Pedro Ribeiro",
              "Project": "infra eks terraform",
              "Service": "Auto Scaling App"
            },
            "timeouts": null,
            "vpc_id": "vpc-08cfd5a435f345cfd"
          },
          "sensitive_attributes": [],
          "private": "eyJlMmJmYjczMC1lY2FhLTExZTYtOGY4OC0zNDM2M2JjN2M0YzAiOnsiY3JlYXRlIjo2MDAwMDAwMDAwMDAsImRlbGV0ZSI6MTIwMDAwMDAwMDAwMH0sInNjaGVtYV92ZXJzaW9uIjoiMSJ9",
          "dependencies": [
            "aws_vpc.this"
          ]
        },
        {
          "index_key": "pub_b",
          "schema_version": 1,
          "attributes": {
            "arn": "arn:aws:ec2:us-east-1:992382627001:subnet/subnet-0ff51746c4d884446",
            "assign_ipv6_address_on_creation": false,
            "availability_zone": "us-east-1b",
            "availability_zone_id": "use1-az6",
            "cidr_block": "192.168.2.0/24",
            "customer_owned_ipv4_pool": "",
            "enable_dns64": false,
            "enable_lni_at_device_index": 0,
            "enable_resource_name_dns_a_record_on_launch": false,
            "enable_resource_name_dns_aaaa_record_on_launch": false,
            "id": "subnet-0ff51746c4d884446",
            "ipv6_cidr_block": "",
            "ipv6_cidr_block_association_id": "",
            "ipv6_native": false,
            "map_customer_owned_ip_on_launch": false,
            "map_public_ip_on_launch": false,
            "outpost_arn": "",
            "owner_id": "992382627001",
            "private_dns_hostname_type_on_launch": "ip-name",
            "tags": {
              "CreatedAt": "2024-10-20",
              "ManagedBy": "Terraform",
              "Name": "Public_b",
              "Owner": "Pedro Ribeiro",
              "Project": "infra eks terraform",
              "Service": "Auto Scaling App"
            },
            "tags_all": {
              "CreatedAt": "2024-10-20",
              "ManagedBy": "Terraform",
              "Name": "Public_b",
              "Owner": "Pedro Ribeiro",
              "Project": "infra eks terraform",
              "Service": "Auto Scaling App"
            },
            "timeouts": null,
            "vpc_id": "vpc-08cfd5a435f345cfd"
          },
          "sensitive_attributes": [],
          "private": "eyJlMmJmYjczMC1lY2FhLTExZTYtOGY4OC0zNDM2M2JjN2M0YzAiOnsiY3JlYXRlIjo2MDAwMDAwMDAwMDAsImRlbGV0ZSI6MTIwMDAwMDAwMDAwMH0sInNjaGVtYV92ZXJzaW9uIjoiMSJ9",
          "dependencies": [
            "aws_vpc.this"
          ]
        },
        {
          "index_key": "pvt_a",
          "schema_version": 1,
          "attributes": {
            "arn": "arn:aws:ec2:us-east-1:992382627001:subnet/subnet-0f116fcbc8a524b63",
            "assign_ipv6_address_on_creation": false,
            "availability_zone": "us-east-1a",
            "availability_zone_id": "use1-az4",
            "cidr_block": "192.168.3.0/24",
            "customer_owned_ipv4_pool": "",
            "enable_dns64": false,
            "enable_lni_at_device_index": 0,
            "enable_resource_name_dns_a_record_on_launch": false,
            "enable_resource_name_dns_aaaa_record_on_launch": false,
            "id": "subnet-0f116fcbc8a524b63",
            "ipv6_cidr_block": "",
            "ipv6_cidr_block_association_id": "",
            "ipv6_native": false,
            "map_customer_owned_ip_on_launch": false,
            "map_public_ip_on_launch": false,
            "outpost_arn": "",
            "owner_id": "992382627001",
            "private_dns_hostname_type_on_launch": "ip-name",
            "tags": {
              "CreatedAt": "2024-10-20",
              "ManagedBy": "Terraform",
              "Name": "Private_a",
              "Owner": "Pedro Ribeiro",
              "Project": "infra eks terraform",
              "Service": "Auto Scaling App"
            },
            "tags_all": {
              "CreatedAt": "2024-10-20",
              "ManagedBy": "Terraform",
              "Name": "Private_a",
              "Owner": "Pedro Ribeiro",
              "Project": "infra eks terraform",
              "Service": "Auto Scaling App"
            },
            "timeouts": null,
            "vpc_id": "vpc-08cfd5a435f345cfd"
          },
          "sensitive_attributes": [],
          "private": "eyJlMmJmYjczMC1lY2FhLTExZTYtOGY4OC0zNDM2M2JjN2M0YzAiOnsiY3JlYXRlIjo2MDAwMDAwMDAwMDAsImRlbGV0ZSI6MTIwMDAwMDAwMDAwMH0sInNjaGVtYV92ZXJzaW9uIjoiMSJ9",
          "dependencies": [
            "aws_vpc.this"
          ]
        },
        {
          "index_key": "pvt_b",
          "schema_version": 1,
          "attributes": {
            "arn": "arn:aws:ec2:us-east-1:992382627001:subnet/subnet-0e9b51be5f30f3302",
            "assign_ipv6_address_on_creation": false,
            "availability_zone": "us-east-1b",
            "availability_zone_id": "use1-az6",
            "cidr_block": "192.168.4.0/24",
            "customer_owned_ipv4_pool": "",
            "enable_dns64": false,
            "enable_lni_at_device_index": 0,
            "enable_resource_name_dns_a_record_on_launch": false,
            "enable_resource_name_dns_aaaa_record_on_launch": false,
            "id": "subnet-0e9b51be5f30f3302",
            "ipv6_cidr_block": "",
            "ipv6_cidr_block_association_id": "",
            "ipv6_native": false,
            "map_customer_owned_ip_on_launch": false,
            "map_public_ip_on_launch": false,
            "outpost_arn": "",
            "owner_id": "992382627001",
            "private_dns_hostname_type_on_launch": "ip-name",
            "tags": {
              "CreatedAt": "2024-10-20",
              "ManagedBy": "Terraform",
              "Name": "Private_b",
              "Owner": "Pedro Ribeiro",
              "Project": "infra eks terraform",
              "Service": "Auto Scaling App"
            },
            "tags_all": {
              "CreatedAt": "2024-10-20",
              "ManagedBy": "Terraform",
              "Name": "Private_b",
              "Owner": "Pedro Ribeiro",
              "Project": "infra eks terraform",
              "Service": "Auto Scaling App"
            },
            "timeouts": null,
            "vpc_id": "vpc-08cfd5a435f345cfd"
          },
          "sensitive_attributes": [],
          "private": "eyJlMmJmYjczMC1lY2FhLTExZTYtOGY4OC0zNDM2M2JjN2M0YzAiOnsiY3JlYXRlIjo2MDAwMDAwMDAwMDAsImRlbGV0ZSI6MTIwMDAwMDAwMDAwMH0sInNjaGVtYV92ZXJzaW9uIjoiMSJ9",
          "dependencies": [
            "aws_vpc.this"
          ]
        }
      ]
    },
    {
      "mode": "managed",
      "type": "aws_vpc",
      "name": "this",
      "provider": "provider[\"registry.terraform.io/hashicorp/aws\"]",
      "instances": [
        {
          "schema_version": 1,
          "attributes": {
            "arn": "arn:aws:ec2:us-east-1:992382627001:vpc/vpc-08cfd5a435f345cfd",
            "assign_generated_ipv6_cidr_block": false,
            "cidr_block": "192.168.0.0/16",
            "default_network_acl_id": "acl-0d70183dfc7285932",
            "default_route_table_id": "rtb-00509f0041f25ebc7",
            "default_security_group_id": "sg-019a77c10a01eb3c3",
            "dhcp_options_id": "dopt-017a36e086c54ae7f",
            "enable_dns_hostnames": false,
            "enable_dns_support": true,
            "enable_network_address_usage_metrics": false,
            "id": "vpc-08cfd5a435f345cfd",
            "instance_tenancy": "default",
            "ipv4_ipam_pool_id": null,
            "ipv4_netmask_length": null,
            "ipv6_association_id": "",
            "ipv6_cidr_block": "",
            "ipv6_cidr_block_network_border_group": "",
            "ipv6_ipam_pool_id": "",
            "ipv6_netmask_length": 0,
            "main_route_table_id": "rtb-00509f0041f25ebc7",
            "owner_id": "992382627001",
            "tags": {
              "CreatedAt": "2024-10-20",
              "ManagedBy": "Terraform",
              "Name": "Terraform VPC",
              "Owner": "Pedro Ribeiro",
              "Project": "infra eks terraform",
              "Service": "Auto Scaling App"
            },
            "tags_all": {
              "CreatedAt": "2024-10-20",
              "ManagedBy": "Terraform",
              "Name": "Terraform VPC",
              "Owner": "Pedro Ribeiro",
              "Project": "infra eks terraform",
              "Service": "Auto Scaling App"
            }
          },
          "sensitive_attributes": [],
          "private": "eyJzY2hlbWFfdmVyc2lvbiI6IjEifQ=="
        }
      ]
    }
  ],
  "check_results": null
}
